
Microsoft Visual Studio Solution File, Format Version 12.00
# Visual Studio Version 16
VisualStudioVersion = 16.0.29306.81
MinimumVisualStudioVersion = 10.0.40219.1
Project("{9A19103F-16F7-4668-BE54-9A1E7A4F7556}") = "Penguin.Cms.Logging", "Penguin.Cms.Logging.csproj", "{45EBFF9E-640C-4017-ACA2-A3B00C3FB7BB}"
EndProject
Global
	GlobalSection(SolutionConfigurationPlatforms) = preSolution
		Debug|Any CPU = Debug|Any CPU
		Release|Any CPU = Release|Any CPU
	EndGlobalSection
	GlobalSection(ProjectConfigurationPlatforms) = postSolution
		{45EBFF9E-640C-4017-ACA2-A3B00C3FB7BB}.Debug|Any CPU.ActiveCfg = Debug|Any CPU
		{45EBFF9E-640C-4017-ACA2-A3B00C3FB7BB}.Debug|Any CPU.Build.0 = Debug|Any CPU
		{45EBFF9E-640C-4017-ACA2-A3B00C3FB7BB}.Release|Any CPU.ActiveCfg = Release|Any CPU
		{45EBFF9E-640C-4017-ACA2-A3B00C3FB7BB}.Release|Any CPU.Build.0 = Release|Any CPU
	EndGlobalSection
	GlobalSection(SolutionProperties) = preSolution
		HideSolutionNode = FALSE
	EndGlobalSection
	GlobalSection(ExtensibilityGlobals) = postSolution
		SolutionGuid = {9BDFA576-419C-43C8-8505-72263A8BC2F1}
	EndGlobalSection
EndGlobal
